// !$*UTF8*$!
{
	archiveVersion = 1;
	classes = {
	};
	objectVersion = 46;
	objects = {

/* Begin PBXBuildFile section */
		32F7324C1D999A1300E3F7C8 /* AppDelegate.swift in Sources */ = {isa = PBXBuildFile; fileRef = 32F7324B1D999A1300E3F7C8 /* AppDelegate.swift */; };
		32F7324E1D999A1300E3F7C8 /* MasterViewController.swift in Sources */ = {isa = PBXBuildFile; fileRef = 32F7324D1D999A1300E3F7C8 /* MasterViewController.swift */; };
		32F732501D999A1300E3F7C8 /* DetailViewController.swift in Sources */ = {isa = PBXBuildFile; fileRef = 32F7324F1D999A1300E3F7C8 /* DetailViewController.swift */; };
		32F732531D999A1300E3F7C8 /* Main.storyboard in Resources */ = {isa = PBXBuildFile; fileRef = 32F732511D999A1300E3F7C8 /* Main.storyboard */; };
		32F732551D999A1300E3F7C8 /* Assets.xcassets in Resources */ = {isa = PBXBuildFile; fileRef = 32F732541D999A1300E3F7C8 /* Assets.xcassets */; };
		32F732581D999A1300E3F7C8 /* LaunchScreen.storyboard in Resources */ = {isa = PBXBuildFile; fileRef = 32F732561D999A1300E3F7C8 /* LaunchScreen.storyboard */; };
/* End PBXBuildFile section */

/* Begin PBXFileReference section */
		32F732481D999A1300E3F7C8 /* SecondIosApp.app */ = {isa = PBXFileReference; explicitFileType = wrapper.application; includeInIndex = 0; path = SecondIosApp.app; sourceTree = BUILT_PRODUCTS_DIR; };
		32F7324B1D999A1300E3F7C8 /* AppDelegate.swift */ = {isa = PBXFileReference; lastKnownFileType = sourcecode.swift; path = AppDelegate.swift; sourceTree = "<group>"; };
		32F7324D1D999A1300E3F7C8 /* MasterViewController.swift */ = {isa = PBXFileReference; lastKnownFileType = sourcecode.swift; path = MasterViewController.swift; sourceTree = "<group>"; };
		32F7324F1D999A1300E3F7C8 /* DetailViewController.swift */ = {isa = PBXFileReference; lastKnownFileType = sourcecode.swift; path = DetailViewController.swift; sourceTree = "<group>"; };
		32F732521D999A1300E3F7C8 /* Base */ = {isa = PBXFileReference; lastKnownFileType = file.storyboard; name = Base; path = Base.lproj/Main.storyboard; sourceTree = "<group>"; };
		32F732541D999A1300E3F7C8 /* Assets.xcassets */ = {isa = PBXFileReference; lastKnownFileType = folder.assetcatalog; path = Assets.xcassets; sourceTree = "<group>"; };
		32F732571D999A1300E3F7C8 /* Base */ = {isa = PBXFileReference; lastKnownFileType = file.storyboard; name = Base; path = Base.lproj/LaunchScreen.storyboard; sourceTree = "<group>"; };
		32F732591D999A1300E3F7C8 /* Info.plist */ = {isa = PBXFileReference; lastKnownFileType = text.plist.xml; path = Info.plist; sourceTree = "<group>"; };
/* End PBXFileReference section */

/* Begin PBXFrameworksBuildPhase section */
		32F732451D999A1300E3F7C8 /* Frameworks */ = {
			isa = PBXFrameworksBuildPhase;
			buildActionMask = 2147483647;
			files = (
			);
			runOnlyForDeploymentPostprocessing = 0;
		};
/* End PBXFrameworksBuildPhase section */

/* Begin PBXGroup section */
		32F7323F1D999A1300E3F7C8 = {
			isa = PBXGroup;
			children = (
				32F7324A1D999A1300E3F7C8 /* SecondIosApp */,
				32F732491D999A1300E3F7C8 /* Products */,
			);
			sourceTree = "<group>";
		};
		32F732491D999A1300E3F7C8 /* Products */ = {
			isa = PBXGroup;
			children = (
				32F732481D999A1300E3F7C8 /* SecondIosApp.app */,
			);
			name = Products;
			sourceTree = "<group>";
		};
		32F7324A1D999A1300E3F7C8 /* SecondIosApp */ = {
			isa = PBXGroup;
			children = (
				32F7324B1D999A1300E3F7C8 /* AppDelegate.swift */,
				32F7324D1D999A1300E3F7C8 /* MasterViewController.swift */,
				32F7324F1D999A1300E3F7C8 /* DetailViewController.swift */,
				32F732511D999A1300E3F7C8 /* Main.storyboard */,
				32F732541D999A1300E3F7C8 /* Assets.xcassets */,
				32F732561D999A1300E3F7C8 /* LaunchScreen.storyboard */,
				32F732591D999A1300E3F7C8 /* Info.plist */,
			);
			path = SecondIosApp;
			sourceTree = "<group>";
		};
/* End PBXGroup section */

/* Begin PBXNativeTarget section */
		32F732471D999A1300E3F7C8 /* SecondIosApp */ = {
			isa = PBXNativeTarget;
			buildConfigurationList = 32F7325C1D999A1300E3F7C8 /* Build configuration list for PBXNativeTarget "SecondIosApp" */;
			buildPhases = (
				32F732441D999A1300E3F7C8 /* Sources */,
				32F732451D999A1300E3F7C8 /* Frameworks */,
				32F732461D999A1300E3F7C8 /* Resources */,
			);
			buildRules = (
			);
			dependencies = (
			);
			name = SecondIosApp;
			productName = SecondIosApp;
			productReference = 32F732481D999A1300E3F7C8 /* SecondIosApp.app */;
			productType = "com.apple.product-type.application";
		};
/* End PBXNativeTarget section */

/* Begin PBXProject section */
		32F732401D999A1300E3F7C8 /* Project object */ = {
			isa = PBXProject;
			attributes = {
				LastSwiftUpdateCheck = 0720;
				LastUpgradeCheck = 0720;
				ORGANIZATIONNAME = "Palesh, Mark";
				TargetAttributes = {
					32F732471D999A1300E3F7C8 = {
						CreatedOnToolsVersion = 7.2;
					};
				};
			};
			buildConfigurationList = 32F732431D999A1300E3F7C8 /* Build configuration list for PBXProject "SecondIosApp" */;
			compatibilityVersion = "Xcode 3.2";
			developmentRegion = English;
			hasScannedForEncodings = 0;
			knownRegions = (
				en,
				Base,
			);
			mainGroup = 32F7323F1D999A1300E3F7C8;
			productRefGroup = 32F732491D999A1300E3F7C8 /* Products */;
			projectDirPath = "";
			projectRoot = "";
			targets = (
				32F732471D999A1300E3F7C8 /* SecondIosApp */,
			);
		};
/* End PBXProject section */

/* Begin PBXResourcesBuildPhase section */
		32F732461D999A1300E3F7C8 /* Resources */ = {
			isa = PBXResourcesBuildPhase;
			buildActionMask = 2147483647;
			files = (
				32F732581D999A1300E3F7C8 /* LaunchScreen.storyboard in Resources */,
				32F732551D999A1300E3F7C8 /* Assets.xcassets in Resources */,
				32F732531D999A1300E3F7C8 /* Main.storyboard in Resources */,
			);
			runOnlyForDeploymentPostprocessing = 0;
		};
/* End PBXResourcesBuildPhase section */

/* Begin PBXSourcesBuildPhase section */
		32F732441D999A1300E3F7C8 /* Sources */ = {
			isa = PBXSourcesBuildPhase;
			buildActionMask = 2147483647;
			files = (
				32F732501D999A1300E3F7C8 /* DetailViewController.swift in Sources */,
				32F7324E1D999A1300E3F7C8 /* MasterViewController.swift in Sources */,
				32F7324C1D999A1300E3F7C8 /* AppDelegate.swift in Sources */,
			);
			runOnlyForDeploymentPostprocessing = 0;
		};
/* End PBXSourcesBuildPhase section */

/* Begin PBXVariantGroup section */
		32F732511D999A1300E3F7C8 /* Main.storyboard */ = {
			isa = PBXVariantGroup;
			children = (
				32F732521D999A1300E3F7C8 /* Base */,
			);
			name = Main.storyboard;
			sourceTree = "<group>";
		};
		32F732561D999A1300E3F7C8 /* LaunchScreen.storyboard */ = {
			isa = PBXVariantGroup;
			children = (
				32F732571D999A1300E3F7C8 /* Base */,
			);
			name = LaunchScreen.storyboard;
			sourceTree = "<group>";
		};
/* End PBXVariantGroup section */

/* Begin XCBuildConfiguration section */
		32F7325A1D999A1300E3F7C8 /* Debug */ = {
			isa = XCBuildConfiguration;
			buildSettings = {
				ALWAYS_SEARCH_USER_PATHS = NO;
				CLANG_CXX_LANGUAGE_STANDARD = "gnu++0x";
				CLANG_CXX_LIBRARY = "libc++";
				CLANG_ENABLE_MODULES = YES;
				CLANG_ENABLE_OBJC_ARC = YES;
				CLANG_WARN_BOOL_CONVERSION = YES;
				CLANG_WARN_CONSTANT_CONVERSION = YES;
				CLANG_WARN_DIRECT_OBJC_ISA_USAGE = YES_ERROR;
				CLANG_WARN_EMPTY_BODY = YES;
				CLANG_WARN_ENUM_CONVERSION = YES;
				CLANG_WARN_INT_CONVERSION = YES;
				CLANG_WARN_OBJC_ROOT_CLASS = YES_ERROR;
				CLANG_WARN_UNREACHABLE_CODE = YES;
				CLANG_WARN__DUPLICATE_METHOD_MATCH = YES;
				"CODE_SIGN_IDENTITY[sdk=iphoneos*]" = "iPhone Developer";
				COPY_PHASE_STRIP = NO;
				DEBUG_INFORMATION_FORMAT = dwarf;
				ENABLE_STRICT_OBJC_MSGSEND = YES;
				ENABLE_TESTABILITY = YES;
				GCC_C_LANGUAGE_STANDARD = gnu99;
				GCC_DYNAMIC_NO_PIC = NO;
				GCC_NO_COMMON_BLOCKS = YES;
				GCC_OPTIMIZATION_LEVEL = 0;
				GCC_PREPROCESSOR_DEFINITIONS = (
					"DEBUG=1",
					"$(inherited)",
				);
				GCC_WARN_64_TO_32_BIT_CONVERSION = YES;
				GCC_WARN_ABOUT_RETURN_TYPE = YES_ERROR;
				GCC_WARN_UNDECLARED_SELECTOR = YES;
				GCC_WARN_UNINITIALIZED_AUTOS = YES_AGGRESSIVE;
				GCC_WARN_UNUSED_FUNCTION = YES;
				GCC_WARN_UNUSED_VARIABLE = YES;
				IPHONEOS_DEPLOYMENT_TARGET = 9.2;
				MTL_ENABLE_DEBUG_INFO = YES;
				ONLY_ACTIVE_ARCH = YES;
				SDKROOT = iphoneos;
				SWIFT_OPTIMIZATION_LEVEL = "-Onone";
				TARGETED_DEVICE_FAMILY = "1,2";
			};
			name = Debug;
		};
		32F7325B1D999A1300E3F7C8 /* Release */ = {
			isa = XCBuildConfiguration;
			buildSettings = {
				ALWAYS_SEARCH_USER_PATHS = NO;
				CLANG_CXX_LANGUAGE_STANDARD = "gnu++0x";
				CLANG_CXX_LIBRARY = "libc++";
				CLANG_ENABLE_MODULES = YES;
				CLANG_ENABLE_OBJC_ARC = YES;
				CLANG_WARN_BOOL_CONVERSION = YES;
				CLANG_WARN_CONSTANT_CONVERSION = YES;
				CLANG_WARN_DIRECT_OBJC_ISA_USAGE = YES_ERROR;
				CLANG_WARN_EMPTY_BODY = YES;
				CLANG_WARN_ENUM_CONVERSION = YES;
				CLANG_WARN_INT_CONVERSION = YES;
				CLANG_WARN_OBJC_ROOT_CLASS = YES_ERROR;
				CLANG_WARN_UNREACHABLE_CODE = YES;
				CLANG_WARN__DUPLICATE_METHOD_MATCH = YES;
				"CODE_SIGN_IDENTITY[sdk=iphoneos*]" = "iPhone Developer";
				COPY_PHASE_STRIP = NO;
				DEBUG_INFORMATION_FORMAT = "dwarf-with-dsym";
				ENABLE_NS_ASSERTIONS = NO;
				ENABLE_STRICT_OBJC_MSGSEND = YES;
				GCC_C_LANGUAGE_STANDARD = gnu99;
				GCC_NO_COMMON_BLOCKS = YES;
				GCC_WARN_64_TO_32_BIT_CONVERSION = YES;
				GCC_WARN_ABOUT_RETURN_TYPE = YES_ERROR;
				GCC_WARN_UNDECLARED_SELECTOR = YES;
				GCC_WARN_UNINITIALIZED_AUTOS = YES_AGGRESSIVE;
				GCC_WARN_UNUSED_FUNCTION = YES;
				GCC_WARN_UNUSED_VARIABLE = YES;
				IPHONEOS_DEPLOYMENT_TARGET = 9.2;
				MTL_ENABLE_DEBUG_INFO = NO;
				SDKROOT = iphoneos;
				TARGETED_DEVICE_FAMILY = "1,2";
				VALIDATE_PRODUCT = YES;
			};
			name = Release;
		};
		32F7325D1D999A1300E3F7C8 /* Debug */ = {
			isa = XCBuildConfiguration;
			buildSettings = {
				ASSETCATALOG_COMPILER_APPICON_NAME = AppIcon;
				INFOPLIST_FILE = SecondIosApp/Info.plist;
				LD_RUNPATH_SEARCH_PATHS = "$(inherited) @executable_path/Frameworks";
				PRODUCT_BUNDLE_IDENTIFIER = com.FirstAfternoonApp.SecondIosApp;
				PRODUCT_NAME = "$(TARGET_NAME)";
			};
			name = Debug;
		};
		32F7325E1D999A1300E3F7C8 /* Release */ = {
			isa = XCBuildConfiguration;
			buildSettings = {
				ASSETCATALOG_COMPILER_APPICON_NAME = AppIcon;
				INFOPLIST_FILE = SecondIosApp/Info.plist;
				LD_RUNPATH_SEARCH_PATHS = "$(inherited) @executable_path/Frameworks";
				PRODUCT_BUNDLE_IDENTIFIER = com.FirstAfternoonApp.SecondIosApp;
				PRODUCT_NAME = "$(TARGET_NAME)";
			};
			name = Release;
		};
/* End XCBuildConfiguration section */

/* Begin XCConfigurationList section */
		32F732431D999A1300E3F7C8 /* Build configuration list for PBXProject "SecondIosApp" */ = {
			isa = XCConfigurationList;
			buildConfigurations = (
				32F7325A1D999A1300E3F7C8 /* Debug */,
				32F7325B1D999A1300E3F7C8 /* Release */,
			);
			defaultConfigurationIsVisible = 0;
			defaultConfigurationName = Release;
		};
		32F7325C1D999A1300E3F7C8 /* Build configuration list for PBXNativeTarget "SecondIosApp" */ = {
			isa = XCConfigurationList;
			buildConfigurations = (
				32F7325D1D999A1300E3F7C8 /* Debug */,
				32F7325E1D999A1300E3F7C8 /* Release */,
			);
			defaultConfigurationIsVisible = 0;
		};
/* End XCConfigurationList section */
	};
	rootObject = 32F732401D999A1300E3F7C8 /* Project object */;
}
